
Microsoft Visual Studio Solution File, Format Version 12.00
# Visual Studio Version 16
VisualStudioVersion = 16.0.29123.88
MinimumVisualStudioVersion = 10.0.40219.1
Project("{888888A0-9F3D-457C-B088-3A5042F75D52}") = "Bulldozer Path Planning", "Bulldozer Path Planning\Bulldozer Path Planning.pyproj", "{C5834040-08CC-4306-AEC3-5EB14C9BE567}"
EndProject
Global
	GlobalSection(SolutionConfigurationPlatforms) = preSolution
		Debug|Any CPU = Debug|Any CPU
		Release|Any CPU = Release|Any CPU
	EndGlobalSection
	GlobalSection(ProjectConfigurationPlatforms) = postSolution
		{C5834040-08CC-4306-AEC3-5EB14C9BE567}.Debug|Any CPU.ActiveCfg = Debug|Any CPU
		{C5834040-08CC-4306-AEC3-5EB14C9BE567}.Release|Any CPU.ActiveCfg = Release|Any CPU
	EndGlobalSection
	GlobalSection(SolutionProperties) = preSolution
		HideSolutionNode = FALSE
	EndGlobalSection
	GlobalSection(ExtensibilityGlobals) = postSolution
		SolutionGuid = {5E9E3D46-DB60-4F29-8B53-7B2073437935}
	EndGlobalSection
EndGlobal
